// !$*UTF8*$!
{
	archiveVersion = 1;
	classes = {
	};
	objectVersion = 46;
	objects = {

/* Begin PBXBuildFile section */
		816012C200EDA8DE3D92ACBA /* libPods.a in Frameworks */ = {isa = PBXBuildFile; fileRef = 07CF52941D03A8813262E9A7 /* libPods.a */; };
		A734D11A1CF428D2008276C9 /* CCHttpSessionManager.m in Sources */ = {isa = PBXBuildFile; fileRef = A70E90C91CF2ACA9008D5924 /* CCHttpSessionManager.m */; };
		A734D11D1CF42BA9008276C9 /* NetworkViewController.m in Sources */ = {isa = PBXBuildFile; fileRef = A734D11C1CF42BA9008276C9 /* NetworkViewController.m */; };
		A734D1201CF42BCB008276C9 /* HttpViewController.m in Sources */ = {isa = PBXBuildFile; fileRef = A734D11F1CF42BCB008276C9 /* HttpViewController.m */; };
		A734D1231CF42BFC008276C9 /* HttpAsyncRequestsViewController.m in Sources */ = {isa = PBXBuildFile; fileRef = A734D1221CF42BFC008276C9 /* HttpAsyncRequestsViewController.m */; };
		A734D1261CF42C0D008276C9 /* HttpChainedRequestsViewController.m in Sources */ = {isa = PBXBuildFile; fileRef = A734D1251CF42C0D008276C9 /* HttpChainedRequestsViewController.m */; };
		A734D1291CF42C31008276C9 /* HttpComplexRequestsViewController.m in Sources */ = {isa = PBXBuildFile; fileRef = A734D1281CF42C31008276C9 /* HttpComplexRequestsViewController.m */; };
		A75723771CED51AC0065AA2E /* BuiltinFilterChainViewController.m in Sources */ = {isa = PBXBuildFile; fileRef = A75723761CED51AC0065AA2E /* BuiltinFilterChainViewController.m */; };
		A757237D1CED54560065AA2E /* FaceDetectorViewController.m in Sources */ = {isa = PBXBuildFile; fileRef = A757237C1CED54560065AA2E /* FaceDetectorViewController.m */; };
		A7583C3F1CE31BFB007558CB /* main.m in Sources */ = {isa = PBXBuildFile; fileRef = A7583C3E1CE31BFB007558CB /* main.m */; };
		A7583C421CE31BFB007558CB /* AppDelegate.m in Sources */ = {isa = PBXBuildFile; fileRef = A7583C411CE31BFB007558CB /* AppDelegate.m */; };
		A7583C481CE31BFB007558CB /* Main.storyboard in Resources */ = {isa = PBXBuildFile; fileRef = A7583C461CE31BFB007558CB /* Main.storyboard */; };
		A7583C4A1CE31BFB007558CB /* Assets.xcassets in Resources */ = {isa = PBXBuildFile; fileRef = A7583C491CE31BFB007558CB /* Assets.xcassets */; };
		A7583C4D1CE31BFB007558CB /* LaunchScreen.storyboard in Resources */ = {isa = PBXBuildFile; fileRef = A7583C4B1CE31BFB007558CB /* LaunchScreen.storyboard */; };
		A7583C581CE31BFB007558CB /* demoTests.m in Sources */ = {isa = PBXBuildFile; fileRef = A7583C571CE31BFB007558CB /* demoTests.m */; };
		A7583C631CE31BFB007558CB /* demoUITests.m in Sources */ = {isa = PBXBuildFile; fileRef = A7583C621CE31BFB007558CB /* demoUITests.m */; };
		A773F6791CE810E40098F1C8 /* PathViewController.m in Sources */ = {isa = PBXBuildFile; fileRef = A773F6781CE810E40098F1C8 /* PathViewController.m */; };
		A773F67C1CE86BC80098F1C8 /* PatternViewController.m in Sources */ = {isa = PBXBuildFile; fileRef = A773F67B1CE86BC80098F1C8 /* PatternViewController.m */; };
		A773F6811CE975DA0098F1C8 /* ImageIOViewController.m in Sources */ = {isa = PBXBuildFile; fileRef = A773F6801CE975DA0098F1C8 /* ImageIOViewController.m */; };
		A773F6841CE9A3220098F1C8 /* ImageSourceViewController.m in Sources */ = {isa = PBXBuildFile; fileRef = A773F6831CE9A3220098F1C8 /* ImageSourceViewController.m */; };
		A773F6891CE9D6710098F1C8 /* ImageIO.m in Sources */ = {isa = PBXBuildFile; fileRef = A773F6881CE9D6710098F1C8 /* ImageIO.m */; };
		A773F68C1CE9D6B60098F1C8 /* ImageDestinationViewController.m in Sources */ = {isa = PBXBuildFile; fileRef = A773F68B1CE9D6B60098F1C8 /* ImageDestinationViewController.m */; };
		A773F6921CEC007D0098F1C8 /* IncrementalImageSourceViewController.m in Sources */ = {isa = PBXBuildFile; fileRef = A773F6911CEC007D0098F1C8 /* IncrementalImageSourceViewController.m */; };
		A773F6971CEC50DF0098F1C8 /* CoreImageViewController.m in Sources */ = {isa = PBXBuildFile; fileRef = A773F6961CEC50DF0098F1C8 /* CoreImageViewController.m */; };
		A773F69A1CEC51D60098F1C8 /* BuiltinFilterViewController.m in Sources */ = {isa = PBXBuildFile; fileRef = A773F6991CEC51D60098F1C8 /* BuiltinFilterViewController.m */; };
		A773F69E1CEC54920098F1C8 /* ImagePickerViewControllerHelper.m in Sources */ = {isa = PBXBuildFile; fileRef = A773F69D1CEC54920098F1C8 /* ImagePickerViewControllerHelper.m */; };
		A785B0221CE3218700A7686D /* NSString+File.m in Sources */ = {isa = PBXBuildFile; fileRef = A785B0211CE3218700A7686D /* NSString+File.m */; };
		A785B0251CE321B000A7686D /* HomeTableViewController.m in Sources */ = {isa = PBXBuildFile; fileRef = A785B0241CE321B000A7686D /* HomeTableViewController.m */; };
		A785B0361CE3258C00A7686D /* ImageMaskViewController.m in Sources */ = {isa = PBXBuildFile; fileRef = A785B02A1CE3258C00A7686D /* ImageMaskViewController.m */; };
		A785B03B1CE3258C00A7686D /* Quartz2DViewController.m in Sources */ = {isa = PBXBuildFile; fileRef = A785B0341CE3258C00A7686D /* Quartz2DViewController.m */; };
		A785B03E1CE326F700A7686D /* UIImage+ImageMask.m in Sources */ = {isa = PBXBuildFile; fileRef = A785B03D1CE326F700A7686D /* UIImage+ImageMask.m */; };
		A785B0531CE3295D00A7686D /* TableViewPerformanceViewController.m in Sources */ = {isa = PBXBuildFile; fileRef = A785B0411CE3295D00A7686D /* TableViewPerformanceViewController.m */; };
		A785B0541CE3295D00A7686D /* TestBlendViewController.m in Sources */ = {isa = PBXBuildFile; fileRef = A785B0431CE3295D00A7686D /* TestBlendViewController.m */; };
		A785B0551CE3295D00A7686D /* TestDrawScaleViewController.m in Sources */ = {isa = PBXBuildFile; fileRef = A785B0451CE3295D00A7686D /* TestDrawScaleViewController.m */; };
		A785B0561CE3295D00A7686D /* TestMissalignedViewController.m in Sources */ = {isa = PBXBuildFile; fileRef = A785B0471CE3295D00A7686D /* TestMissalignedViewController.m */; };
		A785B0581CE3295D00A7686D /* CornerRadiusView.m in Sources */ = {isa = PBXBuildFile; fileRef = A785B04C1CE3295D00A7686D /* CornerRadiusView.m */; };
		A785B0591CE3295D00A7686D /* UIView+CornerRadius.m in Sources */ = {isa = PBXBuildFile; fileRef = A785B04E1CE3295D00A7686D /* UIView+CornerRadius.m */; };
		A785B05B1CE3295D00A7686D /* PerformanceViewController.m in Sources */ = {isa = PBXBuildFile; fileRef = A785B0521CE3295D00A7686D /* PerformanceViewController.m */; };
		A785B05E1CE3298A00A7686D /* UIImage+CCKit.m in Sources */ = {isa = PBXBuildFile; fileRef = A785B05D1CE3298A00A7686D /* UIImage+CCKit.m */; };
		A785B0611CE32B5A00A7686D /* CornerRadiusView+WebCache.m in Sources */ = {isa = PBXBuildFile; fileRef = A785B0601CE32B5A00A7686D /* CornerRadiusView+WebCache.m */; };
		A785B06F1CE32D9F00A7686D /* DataTaskBasicAuthViewController.m in Sources */ = {isa = PBXBuildFile; fileRef = A785B0651CE32D9F00A7686D /* DataTaskBasicAuthViewController.m */; };
		A785B0701CE32D9F00A7686D /* DataTaskHttpsServerAuthViewController.m in Sources */ = {isa = PBXBuildFile; fileRef = A785B0671CE32D9F00A7686D /* DataTaskHttpsServerAuthViewController.m */; };
		A785B0711CE32D9F00A7686D /* server.cer in Resources */ = {isa = PBXBuildFile; fileRef = A785B0681CE32D9F00A7686D /* server.cer */; };
		A785B0721CE32D9F00A7686D /* servvv.cer in Resources */ = {isa = PBXBuildFile; fileRef = A785B0691CE32D9F00A7686D /* servvv.cer */; };
		A785B0731CE32D9F00A7686D /* UIDownloadTaskViewController.m in Sources */ = {isa = PBXBuildFile; fileRef = A785B06B1CE32D9F00A7686D /* UIDownloadTaskViewController.m */; };
		A785B0741CE32D9F00A7686D /* UrlSessionViewController.m in Sources */ = {isa = PBXBuildFile; fileRef = A785B06D1CE32D9F00A7686D /* UrlSessionViewController.m */; };
		A785B0821CE32EF800A7686D /* UIWebViewCacheViewController.m in Sources */ = {isa = PBXBuildFile; fileRef = A785B0771CE32EF800A7686D /* UIWebViewCacheViewController.m */; };
		A785B0831CE32EF800A7686D /* UIWebViewViewController.m in Sources */ = {isa = PBXBuildFile; fileRef = A785B0791CE32EF800A7686D /* UIWebViewViewController.m */; };
		A785B0841CE32EF800A7686D /* URLSessionCacheViewController.m in Sources */ = {isa = PBXBuildFile; fileRef = A785B07B1CE32EF800A7686D /* URLSessionCacheViewController.m */; };
		A785B0871CE32EF800A7686D /* WKWebViewViewController.m in Sources */ = {isa = PBXBuildFile; fileRef = A785B0811CE32EF800A7686D /* WKWebViewViewController.m */; };
		A785B08A1CE3303F00A7686D /* WebViewController.m in Sources */ = {isa = PBXBuildFile; fileRef = A785B0891CE3303F00A7686D /* WebViewController.m */; };
		A785B08C1CE3316400A7686D /* WebKit.framework in Frameworks */ = {isa = PBXBuildFile; fileRef = A785B08B1CE3316400A7686D /* WebKit.framework */; };
		A785B08F1CE3344D00A7686D /* UIView+CCKit.m in Sources */ = {isa = PBXBuildFile; fileRef = A785B08E1CE3344D00A7686D /* UIView+CCKit.m */; };
		A785B0921CE3355F00A7686D /* CoordinateViewController.m in Sources */ = {isa = PBXBuildFile; fileRef = A785B0911CE3355F00A7686D /* CoordinateViewController.m */; };
		A785B0951CE41A2500A7686D /* UIColor+CCKit.m in Sources */ = {isa = PBXBuildFile; fileRef = A785B0941CE41A2500A7686D /* UIColor+CCKit.m */; };
		A785B0981CE42F3200A7686D /* ShadowGradientsViewController.m in Sources */ = {isa = PBXBuildFile; fileRef = A785B0971CE42F3200A7686D /* ShadowGradientsViewController.m */; };
		A785B09B1CE42FB900A7686D /* UILinearGradientView.m in Sources */ = {isa = PBXBuildFile; fileRef = A785B09A1CE42FB900A7686D /* UILinearGradientView.m */; };
		A7BCE5A01CF303A800A7C356 /* CCHttpTaskGroup.m in Sources */ = {isa = PBXBuildFile; fileRef = A70E90C31CF2A902008D5924 /* CCHttpTaskGroup.m */; };
		A7F5F05E1CE31DE60064AAB7 /* AudioPlaybackViewController.m in Sources */ = {isa = PBXBuildFile; fileRef = A7F5F0571CE31DE60064AAB7 /* AudioPlaybackViewController.m */; };
		A7F5F05F1CE31DE60064AAB7 /* AudioRecordViewController.m in Sources */ = {isa = PBXBuildFile; fileRef = A7F5F0591CE31DE60064AAB7 /* AudioRecordViewController.m */; };
		A7F5F0611CE31DE60064AAB7 /* AudioViewController.m in Sources */ = {isa = PBXBuildFile; fileRef = A7F5F05D1CE31DE60064AAB7 /* AudioViewController.m */; };
		A7F5F0711CE31E420064AAB7 /* CAActionTestViewController.m in Sources */ = {isa = PBXBuildFile; fileRef = A7F5F0641CE31E420064AAB7 /* CAActionTestViewController.m */; };
		A7F5F0721CE31E420064AAB7 /* CABasicAnimationTestViewController.m in Sources */ = {isa = PBXBuildFile; fileRef = A7F5F0661CE31E420064AAB7 /* CABasicAnimationTestViewController.m */; };
		A7F5F0731CE31E420064AAB7 /* CAKeyframeViewController.m in Sources */ = {isa = PBXBuildFile; fileRef = A7F5F0681CE31E420064AAB7 /* CAKeyframeViewController.m */; };
		A7F5F0741CE31E420064AAB7 /* CAShapeLayerTestViewController.m in Sources */ = {isa = PBXBuildFile; fileRef = A7F5F06A1CE31E420064AAB7 /* CAShapeLayerTestViewController.m */; };
		A7F5F0751CE31E420064AAB7 /* ImplicityAnimationViewController.m in Sources */ = {isa = PBXBuildFile; fileRef = A7F5F06C1CE31E420064AAB7 /* ImplicityAnimationViewController.m */; };
		A7F5F0771CE31E420064AAB7 /* AnimationViewController.m in Sources */ = {isa = PBXBuildFile; fileRef = A7F5F0701CE31E420064AAB7 /* AnimationViewController.m */; };
		A7F5F07D1CE31F7F0064AAB7 /* BaseViewController.m in Sources */ = {isa = PBXBuildFile; fileRef = A7F5F07C1CE31F7F0064AAB7 /* BaseViewController.m */; };
/* End PBXBuildFile section */

/* Begin PBXContainerItemProxy section */
		A7583C541CE31BFB007558CB /* PBXContainerItemProxy */ = {
			isa = PBXContainerItemProxy;
			containerPortal = A7583C321CE31BFB007558CB /* Project object */;
			proxyType = 1;
			remoteGlobalIDString = A7583C391CE31BFB007558CB;
			remoteInfo = demo;
		};
		A7583C5F1CE31BFB007558CB /* PBXContainerItemProxy */ = {
			isa = PBXContainerItemProxy;
			containerPortal = A7583C321CE31BFB007558CB /* Project object */;
			proxyType = 1;
			remoteGlobalIDString = A7583C391CE31BFB007558CB;
			remoteInfo = demo;
		};
/* End PBXContainerItemProxy section */

/* Begin PBXFileReference section */
		07CF52941D03A8813262E9A7 /* libPods.a */ = {isa = PBXFileReference; explicitFileType = archive.ar; includeInIndex = 0; path = libPods.a; sourceTree = BUILT_PRODUCTS_DIR; };
		A70E90C21CF2A902008D5924 /* CCHttpTaskGroup.h */ = {isa = PBXFileReference; fileEncoding = 4; lastKnownFileType = sourcecode.c.h; path = CCHttpTaskGroup.h; sourceTree = "<group>"; };
		A70E90C31CF2A902008D5924 /* CCHttpTaskGroup.m */ = {isa = PBXFileReference; fileEncoding = 4; lastKnownFileType = sourcecode.c.objc; path = CCHttpTaskGroup.m; sourceTree = "<group>"; };
		A70E90C81CF2ACA9008D5924 /* CCHttpSessionManager.h */ = {isa = PBXFileReference; fileEncoding = 4; lastKnownFileType = sourcecode.c.h; path = CCHttpSessionManager.h; sourceTree = "<group>"; };
		A70E90C91CF2ACA9008D5924 /* CCHttpSessionManager.m */ = {isa = PBXFileReference; fileEncoding = 4; lastKnownFileType = sourcecode.c.objc; path = CCHttpSessionManager.m; sourceTree = "<group>"; };
		A7127FA41CEE8C4F0023E4FB /* CaptureScalarBlock.m */ = {isa = PBXFileReference; fileEncoding = 4; lastKnownFileType = sourcecode.c.objc; path = CaptureScalarBlock.m; sourceTree = "<group>"; };
		A7127FA61CEE8D3B0023E4FB /* CaptureScalarBlock.c */ = {isa = PBXFileReference; fileEncoding = 4; lastKnownFileType = sourcecode.c.c; path = CaptureScalarBlock.c; sourceTree = "<group>"; };
		A7127FA91CEE90090023E4FB /* CaptureObjectBlock.m */ = {isa = PBXFileReference; fileEncoding = 4; lastKnownFileType = sourcecode.c.objc; path = CaptureObjectBlock.m; sourceTree = "<group>"; };
		A7127FAB1CEE90E30023E4FB /* CaptureObjectBlock.c */ = {isa = PBXFileReference; fileEncoding = 4; lastKnownFileType = sourcecode.c.c; path = CaptureObjectBlock.c; sourceTree = "<group>"; };
		A7127FAE1CEEA1A50023E4FB /* CaptureWeakObjectBlock.m */ = {isa = PBXFileReference; fileEncoding = 4; lastKnownFileType = sourcecode.c.objc; path = CaptureWeakObjectBlock.m; sourceTree = "<group>"; };
		A734D11B1CF42BA9008276C9 /* NetworkViewController.h */ = {isa = PBXFileReference; fileEncoding = 4; lastKnownFileType = sourcecode.c.h; path = NetworkViewController.h; sourceTree = "<group>"; };
		A734D11C1CF42BA9008276C9 /* NetworkViewController.m */ = {isa = PBXFileReference; fileEncoding = 4; lastKnownFileType = sourcecode.c.objc; path = NetworkViewController.m; sourceTree = "<group>"; };
		A734D11E1CF42BCB008276C9 /* HttpViewController.h */ = {isa = PBXFileReference; fileEncoding = 4; lastKnownFileType = sourcecode.c.h; path = HttpViewController.h; sourceTree = "<group>"; };
		A734D11F1CF42BCB008276C9 /* HttpViewController.m */ = {isa = PBXFileReference; fileEncoding = 4; lastKnownFileType = sourcecode.c.objc; path = HttpViewController.m; sourceTree = "<group>"; };
		A734D1211CF42BFC008276C9 /* HttpAsyncRequestsViewController.h */ = {isa = PBXFileReference; fileEncoding = 4; lastKnownFileType = sourcecode.c.h; path = HttpAsyncRequestsViewController.h; sourceTree = "<group>"; };
		A734D1221CF42BFC008276C9 /* HttpAsyncRequestsViewController.m */ = {isa = PBXFileReference; fileEncoding = 4; lastKnownFileType = sourcecode.c.objc; path = HttpAsyncRequestsViewController.m; sourceTree = "<group>"; };
		A734D1241CF42C0D008276C9 /* HttpChainedRequestsViewController.h */ = {isa = PBXFileReference; fileEncoding = 4; lastKnownFileType = sourcecode.c.h; path = HttpChainedRequestsViewController.h; sourceTree = "<group>"; };
		A734D1251CF42C0D008276C9 /* HttpChainedRequestsViewController.m */ = {isa = PBXFileReference; fileEncoding = 4; lastKnownFileType = sourcecode.c.objc; path = HttpChainedRequestsViewController.m; sourceTree = "<group>"; };
		A734D1271CF42C31008276C9 /* HttpComplexRequestsViewController.h */ = {isa = PBXFileReference; fileEncoding = 4; lastKnownFileType = sourcecode.c.h; path = HttpComplexRequestsViewController.h; sourceTree = "<group>"; };
		A734D1281CF42C31008276C9 /* HttpComplexRequestsViewController.m */ = {isa = PBXFileReference; fileEncoding = 4; lastKnownFileType = sourcecode.c.objc; path = HttpComplexRequestsViewController.m; sourceTree = "<group>"; };
		A75723751CED51AC0065AA2E /* BuiltinFilterChainViewController.h */ = {isa = PBXFileReference; fileEncoding = 4; lastKnownFileType = sourcecode.c.h; path = BuiltinFilterChainViewController.h; sourceTree = "<group>"; };
		A75723761CED51AC0065AA2E /* BuiltinFilterChainViewController.m */ = {isa = PBXFileReference; fileEncoding = 4; lastKnownFileType = sourcecode.c.objc; path = BuiltinFilterChainViewController.m; sourceTree = "<group>"; };
		A757237B1CED54560065AA2E /* FaceDetectorViewController.h */ = {isa = PBXFileReference; fileEncoding = 4; lastKnownFileType = sourcecode.c.h; path = FaceDetectorViewController.h; sourceTree = "<group>"; };
		A757237C1CED54560065AA2E /* FaceDetectorViewController.m */ = {isa = PBXFileReference; fileEncoding = 4; lastKnownFileType = sourcecode.c.objc; path = FaceDetectorViewController.m; sourceTree = "<group>"; };
		A7583C3A1CE31BFB007558CB /* demo.app */ = {isa = PBXFileReference; explicitFileType = wrapper.application; includeInIndex = 0; path = demo.app; sourceTree = BUILT_PRODUCTS_DIR; };
		A7583C3E1CE31BFB007558CB /* main.m */ = {isa = PBXFileReference; lastKnownFileType = sourcecode.c.objc; path = main.m; sourceTree = "<group>"; };
		A7583C401CE31BFB007558CB /* AppDelegate.h */ = {isa = PBXFileReference; lastKnownFileType = sourcecode.c.h; path = AppDelegate.h; sourceTree = "<group>"; };
		A7583C411CE31BFB007558CB /* AppDelegate.m */ = {isa = PBXFileReference; lastKnownFileType = sourcecode.c.objc; path = AppDelegate.m; sourceTree = "<group>"; };
		A7583C471CE31BFB007558CB /* Base */ = {isa = PBXFileReference; lastKnownFileType = file.storyboard; name = Base; path = Base.lproj/Main.storyboard; sourceTree = "<group>"; };
		A7583C491CE31BFB007558CB /* Assets.xcassets */ = {isa = PBXFileReference; lastKnownFileType = folder.assetcatalog; path = Assets.xcassets; sourceTree = "<group>"; };
		A7583C4C1CE31BFB007558CB /* Base */ = {isa = PBXFileReference; lastKnownFileType = file.storyboard; name = Base; path = Base.lproj/LaunchScreen.storyboard; sourceTree = "<group>"; };
		A7583C4E1CE31BFB007558CB /* Info.plist */ = {isa = PBXFileReference; lastKnownFileType = text.plist.xml; path = Info.plist; sourceTree = "<group>"; };
		A7583C531CE31BFB007558CB /* demoTests.xctest */ = {isa = PBXFileReference; explicitFileType = wrapper.cfbundle; includeInIndex = 0; path = demoTests.xctest; sourceTree = BUILT_PRODUCTS_DIR; };
		A7583C571CE31BFB007558CB /* demoTests.m */ = {isa = PBXFileReference; lastKnownFileType = sourcecode.c.objc; path = demoTests.m; sourceTree = "<group>"; };
		A7583C591CE31BFB007558CB /* Info.plist */ = {isa = PBXFileReference; lastKnownFileType = text.plist.xml; path = Info.plist; sourceTree = "<group>"; };
		A7583C5E1CE31BFB007558CB /* demoUITests.xctest */ = {isa = PBXFileReference; explicitFileType = wrapper.cfbundle; includeInIndex = 0; path = demoUITests.xctest; sourceTree = BUILT_PRODUCTS_DIR; };
		A7583C621CE31BFB007558CB /* demoUITests.m */ = {isa = PBXFileReference; lastKnownFileType = sourcecode.c.objc; path = demoUITests.m; sourceTree = "<group>"; };
		A7583C641CE31BFB007558CB /* Info.plist */ = {isa = PBXFileReference; lastKnownFileType = text.plist.xml; path = Info.plist; sourceTree = "<group>"; };
		A773F6771CE810E40098F1C8 /* PathViewController.h */ = {isa = PBXFileReference; fileEncoding = 4; lastKnownFileType = sourcecode.c.h; path = PathViewController.h; sourceTree = "<group>"; };
		A773F6781CE810E40098F1C8 /* PathViewController.m */ = {isa = PBXFileReference; fileEncoding = 4; lastKnownFileType = sourcecode.c.objc; path = PathViewController.m; sourceTree = "<group>"; };
		A773F67A1CE86BC80098F1C8 /* PatternViewController.h */ = {isa = PBXFileReference; fileEncoding = 4; lastKnownFileType = sourcecode.c.h; path = PatternViewController.h; sourceTree = "<group>"; };
		A773F67B1CE86BC80098F1C8 /* PatternViewController.m */ = {isa = PBXFileReference; fileEncoding = 4; lastKnownFileType = sourcecode.c.objc; path = PatternViewController.m; sourceTree = "<group>"; };
		A773F67F1CE975DA0098F1C8 /* ImageIOViewController.h */ = {isa = PBXFileReference; fileEncoding = 4; lastKnownFileType = sourcecode.c.h; path = ImageIOViewController.h; sourceTree = "<group>"; };
		A773F6801CE975DA0098F1C8 /* ImageIOViewController.m */ = {isa = PBXFileReference; fileEncoding = 4; lastKnownFileType = sourcecode.c.objc; path = ImageIOViewController.m; sourceTree = "<group>"; };
		A773F6821CE9A3220098F1C8 /* ImageSourceViewController.h */ = {isa = PBXFileReference; fileEncoding = 4; lastKnownFileType = sourcecode.c.h; path = ImageSourceViewController.h; sourceTree = "<group>"; };
		A773F6831CE9A3220098F1C8 /* ImageSourceViewController.m */ = {isa = PBXFileReference; fileEncoding = 4; lastKnownFileType = sourcecode.c.objc; path = ImageSourceViewController.m; sourceTree = "<group>"; };
		A773F6871CE9D6710098F1C8 /* ImageIO.h */ = {isa = PBXFileReference; fileEncoding = 4; lastKnownFileType = sourcecode.c.h; path = ImageIO.h; sourceTree = "<group>"; };
		A773F6881CE9D6710098F1C8 /* ImageIO.m */ = {isa = PBXFileReference; fileEncoding = 4; lastKnownFileType = sourcecode.c.objc; path = ImageIO.m; sourceTree = "<group>"; };
		A773F68A1CE9D6B60098F1C8 /* ImageDestinationViewController.h */ = {isa = PBXFileReference; fileEncoding = 4; lastKnownFileType = sourcecode.c.h; path = ImageDestinationViewController.h; sourceTree = "<group>"; };
		A773F68B1CE9D6B60098F1C8 /* ImageDestinationViewController.m */ = {isa = PBXFileReference; fileEncoding = 4; lastKnownFileType = sourcecode.c.objc; path = ImageDestinationViewController.m; sourceTree = "<group>"; };
		A773F6901CEC007D0098F1C8 /* IncrementalImageSourceViewController.h */ = {isa = PBXFileReference; fileEncoding = 4; lastKnownFileType = sourcecode.c.h; path = IncrementalImageSourceViewController.h; sourceTree = "<group>"; };
		A773F6911CEC007D0098F1C8 /* IncrementalImageSourceViewController.m */ = {isa = PBXFileReference; fileEncoding = 4; lastKnownFileType = sourcecode.c.objc; path = IncrementalImageSourceViewController.m; sourceTree = "<group>"; };
		A773F6951CEC50DF0098F1C8 /* CoreImageViewController.h */ = {isa = PBXFileReference; fileEncoding = 4; lastKnownFileType = sourcecode.c.h; path = CoreImageViewController.h; sourceTree = "<group>"; };
		A773F6961CEC50DF0098F1C8 /* CoreImageViewController.m */ = {isa = PBXFileReference; fileEncoding = 4; lastKnownFileType = sourcecode.c.objc; path = CoreImageViewController.m; sourceTree = "<group>"; };
		A773F6981CEC51D60098F1C8 /* BuiltinFilterViewController.h */ = {isa = PBXFileReference; fileEncoding = 4; lastKnownFileType = sourcecode.c.h; path = BuiltinFilterViewController.h; sourceTree = "<group>"; };
		A773F6991CEC51D60098F1C8 /* BuiltinFilterViewController.m */ = {isa = PBXFileReference; fileEncoding = 4; lastKnownFileType = sourcecode.c.objc; path = BuiltinFilterViewController.m; sourceTree = "<group>"; };
		A773F69C1CEC54920098F1C8 /* ImagePickerViewControllerHelper.h */ = {isa = PBXFileReference; fileEncoding = 4; lastKnownFileType = sourcecode.c.h; path = ImagePickerViewControllerHelper.h; sourceTree = "<group>"; };
		A773F69D1CEC54920098F1C8 /* ImagePickerViewControllerHelper.m */ = {isa = PBXFileReference; fileEncoding = 4; lastKnownFileType = sourcecode.c.objc; path = ImagePickerViewControllerHelper.m; sourceTree = "<group>"; };
		A785B0201CE3218700A7686D /* NSString+File.h */ = {isa = PBXFileReference; fileEncoding = 4; lastKnownFileType = sourcecode.c.h; path = "NSString+File.h"; sourceTree = "<group>"; };
		A785B0211CE3218700A7686D /* NSString+File.m */ = {isa = PBXFileReference; fileEncoding = 4; lastKnownFileType = sourcecode.c.objc; path = "NSString+File.m"; sourceTree = "<group>"; };
		A785B0231CE321B000A7686D /* HomeTableViewController.h */ = {isa = PBXFileReference; fileEncoding = 4; lastKnownFileType = sourcecode.c.h; path = HomeTableViewController.h; sourceTree = "<group>"; };
		A785B0241CE321B000A7686D /* HomeTableViewController.m */ = {isa = PBXFileReference; fileEncoding = 4; lastKnownFileType = sourcecode.c.objc; path = HomeTableViewController.m; sourceTree = "<group>"; };
		A785B0291CE3258C00A7686D /* ImageMaskViewController.h */ = {isa = PBXFileReference; fileEncoding = 4; lastKnownFileType = sourcecode.c.h; path = ImageMaskViewController.h; sourceTree = "<group>"; };
		A785B02A1CE3258C00A7686D /* ImageMaskViewController.m */ = {isa = PBXFileReference; fileEncoding = 4; lastKnownFileType = sourcecode.c.objc; path = ImageMaskViewController.m; sourceTree = "<group>"; };
		A785B0331CE3258C00A7686D /* Quartz2DViewController.h */ = {isa = PBXFileReference; fileEncoding = 4; lastKnownFileType = sourcecode.c.h; path = Quartz2DViewController.h; sourceTree = "<group>"; };
		A785B0341CE3258C00A7686D /* Quartz2DViewController.m */ = {isa = PBXFileReference; fileEncoding = 4; lastKnownFileType = sourcecode.c.objc; path = Quartz2DViewController.m; sourceTree = "<group>"; };
		A785B03C1CE326F700A7686D /* UIImage+ImageMask.h */ = {isa = PBXFileReference; fileEncoding = 4; lastKnownFileType = sourcecode.c.h; path = "UIImage+ImageMask.h"; sourceTree = "<group>"; };
		A785B03D1CE326F700A7686D /* UIImage+ImageMask.m */ = {isa = PBXFileReference; fileEncoding = 4; lastKnownFileType = sourcecode.c.objc; path = "UIImage+ImageMask.m"; sourceTree = "<group>"; };
		A785B0401CE3295D00A7686D /* TableViewPerformanceViewController.h */ = {isa = PBXFileReference; fileEncoding = 4; lastKnownFileType = sourcecode.c.h; path = TableViewPerformanceViewController.h; sourceTree = "<group>"; };
		A785B0411CE3295D00A7686D /* TableViewPerformanceViewController.m */ = {isa = PBXFileReference; fileEncoding = 4; lastKnownFileType = sourcecode.c.objc; path = TableViewPerformanceViewController.m; sourceTree = "<group>"; };
		A785B0421CE3295D00A7686D /* TestBlendViewController.h */ = {isa = PBXFileReference; fileEncoding = 4; lastKnownFileType = sourcecode.c.h; path = TestBlendViewController.h; sourceTree = "<group>"; };
		A785B0431CE3295D00A7686D /* TestBlendViewController.m */ = {isa = PBXFileReference; fileEncoding = 4; lastKnownFileType = sourcecode.c.objc; path = TestBlendViewController.m; sourceTree = "<group>"; };
		A785B0441CE3295D00A7686D /* TestDrawScaleViewController.h */ = {isa = PBXFileReference; fileEncoding = 4; lastKnownFileType = sourcecode.c.h; path = TestDrawScaleViewController.h; sourceTree = "<group>"; };
		A785B0451CE3295D00A7686D /* TestDrawScaleViewController.m */ = {isa = PBXFileReference; fileEncoding = 4; lastKnownFileType = sourcecode.c.objc; path = TestDrawScaleViewController.m; sourceTree = "<group>"; };
		A785B0461CE3295D00A7686D /* TestMissalignedViewController.h */ = {isa = PBXFileReference; fileEncoding = 4; lastKnownFileType = sourcecode.c.h; path = TestMissalignedViewController.h; sourceTree = "<group>"; };
		A785B0471CE3295D00A7686D /* TestMissalignedViewController.m */ = {isa = PBXFileReference; fileEncoding = 4; lastKnownFileType = sourcecode.c.objc; path = TestMissalignedViewController.m; sourceTree = "<group>"; };
		A785B04B1CE3295D00A7686D /* CornerRadiusView.h */ = {isa = PBXFileReference; fileEncoding = 4; lastKnownFileType = sourcecode.c.h; path = CornerRadiusView.h; sourceTree = "<group>"; };
		A785B04C1CE3295D00A7686D /* CornerRadiusView.m */ = {isa = PBXFileReference; fileEncoding = 4; lastKnownFileType = sourcecode.c.objc; path = CornerRadiusView.m; sourceTree = "<group>"; };
		A785B04D1CE3295D00A7686D /* UIView+CornerRadius.h */ = {isa = PBXFileReference; fileEncoding = 4; lastKnownFileType = sourcecode.c.h; path = "UIView+CornerRadius.h"; sourceTree = "<group>"; };
		A785B04E1CE3295D00A7686D /* UIView+CornerRadius.m */ = {isa = PBXFileReference; fileEncoding = 4; lastKnownFileType = sourcecode.c.objc; path = "UIView+CornerRadius.m"; sourceTree = "<group>"; };
		A785B0511CE3295D00A7686D /* PerformanceViewController.h */ = {isa = PBXFileReference; fileEncoding = 4; lastKnownFileType = sourcecode.c.h; path = PerformanceViewController.h; sourceTree = "<group>"; };
		A785B0521CE3295D00A7686D /* PerformanceViewController.m */ = {isa = PBXFileReference; fileEncoding = 4; lastKnownFileType = sourcecode.c.objc; path = PerformanceViewController.m; sourceTree = "<group>"; };
		A785B05C1CE3298A00A7686D /* UIImage+CCKit.h */ = {isa = PBXFileReference; fileEncoding = 4; lastKnownFileType = sourcecode.c.h; path = "UIImage+CCKit.h"; sourceTree = "<group>"; };
		A785B05D1CE3298A00A7686D /* UIImage+CCKit.m */ = {isa = PBXFileReference; fileEncoding = 4; lastKnownFileType = sourcecode.c.objc; path = "UIImage+CCKit.m"; sourceTree = "<group>"; };
		A785B05F1CE32B5A00A7686D /* CornerRadiusView+WebCache.h */ = {isa = PBXFileReference; fileEncoding = 4; lastKnownFileType = sourcecode.c.h; path = "CornerRadiusView+WebCache.h"; sourceTree = "<group>"; };
		A785B0601CE32B5A00A7686D /* CornerRadiusView+WebCache.m */ = {isa = PBXFileReference; fileEncoding = 4; lastKnownFileType = sourcecode.c.objc; path = "CornerRadiusView+WebCache.m"; sourceTree = "<group>"; };
		A785B0641CE32D9F00A7686D /* DataTaskBasicAuthViewController.h */ = {isa = PBXFileReference; fileEncoding = 4; lastKnownFileType = sourcecode.c.h; name = DataTaskBasicAuthViewController.h; path = urlSession/DataTaskBasicAuthViewController.h; sourceTree = "<group>"; };
		A785B0651CE32D9F00A7686D /* DataTaskBasicAuthViewController.m */ = {isa = PBXFileReference; fileEncoding = 4; lastKnownFileType = sourcecode.c.objc; name = DataTaskBasicAuthViewController.m; path = urlSession/DataTaskBasicAuthViewController.m; sourceTree = "<group>"; };
		A785B0661CE32D9F00A7686D /* DataTaskHttpsServerAuthViewController.h */ = {isa = PBXFileReference; fileEncoding = 4; lastKnownFileType = sourcecode.c.h; name = DataTaskHttpsServerAuthViewController.h; path = urlSession/DataTaskHttpsServerAuthViewController.h; sourceTree = "<group>"; };
		A785B0671CE32D9F00A7686D /* DataTaskHttpsServerAuthViewController.m */ = {isa = PBXFileReference; fileEncoding = 4; lastKnownFileType = sourcecode.c.objc; name = DataTaskHttpsServerAuthViewController.m; path = urlSession/DataTaskHttpsServerAuthViewController.m; sourceTree = "<group>"; };
		A785B0681CE32D9F00A7686D /* server.cer */ = {isa = PBXFileReference; fileEncoding = 4; lastKnownFileType = text; name = server.cer; path = urlSession/server.cer; sourceTree = "<group>"; };
		A785B0691CE32D9F00A7686D /* servvv.cer */ = {isa = PBXFileReference; lastKnownFileType = file; name = servvv.cer; path = urlSession/servvv.cer; sourceTree = "<group>"; };
		A785B06A1CE32D9F00A7686D /* UIDownloadTaskViewController.h */ = {isa = PBXFileReference; fileEncoding = 4; lastKnownFileType = sourcecode.c.h; name = UIDownloadTaskViewController.h; path = urlSession/UIDownloadTaskViewController.h; sourceTree = "<group>"; };
		A785B06B1CE32D9F00A7686D /* UIDownloadTaskViewController.m */ = {isa = PBXFileReference; fileEncoding = 4; lastKnownFileType = sourcecode.c.objc; name = UIDownloadTaskViewController.m; path = urlSession/UIDownloadTaskViewController.m; sourceTree = "<group>"; };
		A785B06C1CE32D9F00A7686D /* UrlSessionViewController.h */ = {isa = PBXFileReference; fileEncoding = 4; lastKnownFileType = sourcecode.c.h; name = UrlSessionViewController.h; path = urlSession/UrlSessionViewController.h; sourceTree = "<group>"; };
		A785B06D1CE32D9F00A7686D /* UrlSessionViewController.m */ = {isa = PBXFileReference; fileEncoding = 4; lastKnownFileType = sourcecode.c.objc; name = UrlSessionViewController.m; path = urlSession/UrlSessionViewController.m; sourceTree = "<group>"; };
		A785B0761CE32EF800A7686D /* UIWebViewCacheViewController.h */ = {isa = PBXFileReference; fileEncoding = 4; lastKnownFileType = sourcecode.c.h; path = UIWebViewCacheViewController.h; sourceTree = "<group>"; };
		A785B0771CE32EF800A7686D /* UIWebViewCacheViewController.m */ = {isa = PBXFileReference; fileEncoding = 4; lastKnownFileType = sourcecode.c.objc; path = UIWebViewCacheViewController.m; sourceTree = "<group>"; };
		A785B0781CE32EF800A7686D /* UIWebViewViewController.h */ = {isa = PBXFileReference; fileEncoding = 4; lastKnownFileType = sourcecode.c.h; path = UIWebViewViewController.h; sourceTree = "<group>"; };
		A785B0791CE32EF800A7686D /* UIWebViewViewController.m */ = {isa = PBXFileReference; fileEncoding = 4; lastKnownFileType = sourcecode.c.objc; path = UIWebViewViewController.m; sourceTree = "<group>"; };
		A785B07A1CE32EF800A7686D /* URLSessionCacheViewController.h */ = {isa = PBXFileReference; fileEncoding = 4; lastKnownFileType = sourcecode.c.h; path = URLSessionCacheViewController.h; sourceTree = "<group>"; };
		A785B07B1CE32EF800A7686D /* URLSessionCacheViewController.m */ = {isa = PBXFileReference; fileEncoding = 4; lastKnownFileType = sourcecode.c.objc; path = URLSessionCacheViewController.m; sourceTree = "<group>"; };
		A785B0801CE32EF800A7686D /* WKWebViewViewController.h */ = {isa = PBXFileReference; fileEncoding = 4; lastKnownFileType = sourcecode.c.h; path = WKWebViewViewController.h; sourceTree = "<group>"; };
		A785B0811CE32EF800A7686D /* WKWebViewViewController.m */ = {isa = PBXFileReference; fileEncoding = 4; lastKnownFileType = sourcecode.c.objc; path = WKWebViewViewController.m; sourceTree = "<group>"; };
		A785B0881CE3303F00A7686D /* WebViewController.h */ = {isa = PBXFileReference; fileEncoding = 4; lastKnownFileType = sourcecode.c.h; path = WebViewController.h; sourceTree = "<group>"; };
		A785B0891CE3303F00A7686D /* WebViewController.m */ = {isa = PBXFileReference; fileEncoding = 4; lastKnownFileType = sourcecode.c.objc; path = WebViewController.m; sourceTree = "<group>"; };
		A785B08B1CE3316400A7686D /* WebKit.framework */ = {isa = PBXFileReference; lastKnownFileType = wrapper.framework; name = WebKit.framework; path = System/Library/Frameworks/WebKit.framework; sourceTree = SDKROOT; };
		A785B08D1CE3344D00A7686D /* UIView+CCKit.h */ = {isa = PBXFileReference; fileEncoding = 4; lastKnownFileType = sourcecode.c.h; path = "UIView+CCKit.h"; sourceTree = "<group>"; };
		A785B08E1CE3344D00A7686D /* UIView+CCKit.m */ = {isa = PBXFileReference; fileEncoding = 4; lastKnownFileType = sourcecode.c.objc; path = "UIView+CCKit.m"; sourceTree = "<group>"; };
		A785B0901CE3355F00A7686D /* CoordinateViewController.h */ = {isa = PBXFileReference; fileEncoding = 4; lastKnownFileType = sourcecode.c.h; path = CoordinateViewController.h; sourceTree = "<group>"; };
		A785B0911CE3355F00A7686D /* CoordinateViewController.m */ = {isa = PBXFileReference; fileEncoding = 4; lastKnownFileType = sourcecode.c.objc; path = CoordinateViewController.m; sourceTree = "<group>"; };
		A785B0931CE41A2500A7686D /* UIColor+CCKit.h */ = {isa = PBXFileReference; fileEncoding = 4; lastKnownFileType = sourcecode.c.h; path = "UIColor+CCKit.h"; sourceTree = "<group>"; };
		A785B0941CE41A2500A7686D /* UIColor+CCKit.m */ = {isa = PBXFileReference; fileEncoding = 4; lastKnownFileType = sourcecode.c.objc; path = "UIColor+CCKit.m"; sourceTree = "<group>"; };
		A785B0961CE42F3200A7686D /* ShadowGradientsViewController.h */ = {isa = PBXFileReference; fileEncoding = 4; lastKnownFileType = sourcecode.c.h; path = ShadowGradientsViewController.h; sourceTree = "<group>"; };
		A785B0971CE42F3200A7686D /* ShadowGradientsViewController.m */ = {isa = PBXFileReference; fileEncoding = 4; lastKnownFileType = sourcecode.c.objc; path = ShadowGradientsViewController.m; sourceTree = "<group>"; };
		A785B0991CE42FB900A7686D /* UILinearGradientView.h */ = {isa = PBXFileReference; fileEncoding = 4; lastKnownFileType = sourcecode.c.h; path = UILinearGradientView.h; sourceTree = "<group>"; };
		A785B09A1CE42FB900A7686D /* UILinearGradientView.m */ = {isa = PBXFileReference; fileEncoding = 4; lastKnownFileType = sourcecode.c.objc; path = UILinearGradientView.m; sourceTree = "<group>"; };
		A7F5F0561CE31DE60064AAB7 /* AudioPlaybackViewController.h */ = {isa = PBXFileReference; fileEncoding = 4; lastKnownFileType = sourcecode.c.h; path = AudioPlaybackViewController.h; sourceTree = "<group>"; };
		A7F5F0571CE31DE60064AAB7 /* AudioPlaybackViewController.m */ = {isa = PBXFileReference; fileEncoding = 4; lastKnownFileType = sourcecode.c.objc; path = AudioPlaybackViewController.m; sourceTree = "<group>"; };
		A7F5F0581CE31DE60064AAB7 /* AudioRecordViewController.h */ = {isa = PBXFileReference; fileEncoding = 4; lastKnownFileType = sourcecode.c.h; path = AudioRecordViewController.h; sourceTree = "<group>"; };
		A7F5F0591CE31DE60064AAB7 /* AudioRecordViewController.m */ = {isa = PBXFileReference; fileEncoding = 4; lastKnownFileType = sourcecode.c.objc; path = AudioRecordViewController.m; sourceTree = "<group>"; };
		A7F5F05C1CE31DE60064AAB7 /* AudioViewController.h */ = {isa = PBXFileReference; fileEncoding = 4; lastKnownFileType = sourcecode.c.h; path = AudioViewController.h; sourceTree = "<group>"; };
		A7F5F05D1CE31DE60064AAB7 /* AudioViewController.m */ = {isa = PBXFileReference; fileEncoding = 4; lastKnownFileType = sourcecode.c.objc; path = AudioViewController.m; sourceTree = "<group>"; };
		A7F5F0631CE31E420064AAB7 /* CAActionTestViewController.h */ = {isa = PBXFileReference; fileEncoding = 4; lastKnownFileType = sourcecode.c.h; path = CAActionTestViewController.h; sourceTree = "<group>"; };
		A7F5F0641CE31E420064AAB7 /* CAActionTestViewController.m */ = {isa = PBXFileReference; fileEncoding = 4; lastKnownFileType = sourcecode.c.objc; path = CAActionTestViewController.m; sourceTree = "<group>"; };
		A7F5F0651CE31E420064AAB7 /* CABasicAnimationTestViewController.h */ = {isa = PBXFileReference; fileEncoding = 4; lastKnownFileType = sourcecode.c.h; path = CABasicAnimationTestViewController.h; sourceTree = "<group>"; };
		A7F5F0661CE31E420064AAB7 /* CABasicAnimationTestViewController.m */ = {isa = PBXFileReference; fileEncoding = 4; lastKnownFileType = sourcecode.c.objc; path = CABasicAnimationTestViewController.m; sourceTree = "<group>"; };
		A7F5F0671CE31E420064AAB7 /* CAKeyframeViewController.h */ = {isa = PBXFileReference; fileEncoding = 4; lastKnownFileType = sourcecode.c.h; path = CAKeyframeViewController.h; sourceTree = "<group>"; };
		A7F5F0681CE31E420064AAB7 /* CAKeyframeViewController.m */ = {isa = PBXFileReference; fileEncoding = 4; lastKnownFileType = sourcecode.c.objc; path = CAKeyframeViewController.m; sourceTree = "<group>"; };
		A7F5F0691CE31E420064AAB7 /* CAShapeLayerTestViewController.h */ = {isa = PBXFileReference; fileEncoding = 4; lastKnownFileType = sourcecode.c.h; path = CAShapeLayerTestViewController.h; sourceTree = "<group>"; };
		A7F5F06A1CE31E420064AAB7 /* CAShapeLayerTestViewController.m */ = {isa = PBXFileReference; fileEncoding = 4; lastKnownFileType = sourcecode.c.objc; path = CAShapeLayerTestViewController.m; sourceTree = "<group>"; };
		A7F5F06B1CE31E420064AAB7 /* ImplicityAnimationViewController.h */ = {isa = PBXFileReference; fileEncoding = 4; lastKnownFileType = sourcecode.c.h; path = ImplicityAnimationViewController.h; sourceTree = "<group>"; };
		A7F5F06C1CE31E420064AAB7 /* ImplicityAnimationViewController.m */ = {isa = PBXFileReference; fileEncoding = 4; lastKnownFileType = sourcecode.c.objc; path = ImplicityAnimationViewController.m; sourceTree = "<group>"; };
		A7F5F06F1CE31E420064AAB7 /* AnimationViewController.h */ = {isa = PBXFileReference; fileEncoding = 4; lastKnownFileType = sourcecode.c.h; path = AnimationViewController.h; sourceTree = "<group>"; };
		A7F5F0701CE31E420064AAB7 /* AnimationViewController.m */ = {isa = PBXFileReference; fileEncoding = 4; lastKnownFileType = sourcecode.c.objc; path = AnimationViewController.m; sourceTree = "<group>"; };
		A7F5F07B1CE31F7F0064AAB7 /* BaseViewController.h */ = {isa = PBXFileReference; fileEncoding = 4; lastKnownFileType = sourcecode.c.h; path = BaseViewController.h; sourceTree = "<group>"; };
		A7F5F07C1CE31F7F0064AAB7 /* BaseViewController.m */ = {isa = PBXFileReference; fileEncoding = 4; lastKnownFileType = sourcecode.c.objc; path = BaseViewController.m; sourceTree = "<group>"; };
		ECBD2C306C1233F71F3C7BBC /* Pods.release.xcconfig */ = {isa = PBXFileReference; includeInIndex = 1; lastKnownFileType = text.xcconfig; name = Pods.release.xcconfig; path = "Pods/Target Support Files/Pods/Pods.release.xcconfig"; sourceTree = "<group>"; };
		EE3C926B60615226292E07E4 /* Pods.debug.xcconfig */ = {isa = PBXFileReference; includeInIndex = 1; lastKnownFileType = text.xcconfig; name = Pods.debug.xcconfig; path = "Pods/Target Support Files/Pods/Pods.debug.xcconfig"; sourceTree = "<group>"; };
/* End PBXFileReference section */

/* Begin PBXFrameworksBuildPhase section */
		A7583C371CE31BFB007558CB /* Frameworks */ = {
			isa = PBXFrameworksBuildPhase;
			buildActionMask = 2147483647;
			files = (
				A785B08C1CE3316400A7686D /* WebKit.framework in Frameworks */,
				816012C200EDA8DE3D92ACBA /* libPods.a in Frameworks */,
			);
			runOnlyForDeploymentPostprocessing = 0;
		};
		A7583C501CE31BFB007558CB /* Frameworks */ = {
			isa = PBXFrameworksBuildPhase;
			buildActionMask = 2147483647;
			files = (
			);
			runOnlyForDeploymentPostprocessing = 0;
		};
		A7583C5B1CE31BFB007558CB /* Frameworks */ = {
			isa = PBXFrameworksBuildPhase;
			buildActionMask = 2147483647;
			files = (
			);
			runOnlyForDeploymentPostprocessing = 0;
		};
/* End PBXFrameworksBuildPhase section */

/* Begin PBXGroup section */
		02CFBA5307F9E2C98EB1869D /* Pods */ = {
			isa = PBXGroup;
			children = (
				EE3C926B60615226292E07E4 /* Pods.debug.xcconfig */,
				ECBD2C306C1233F71F3C7BBC /* Pods.release.xcconfig */,
			);
			name = Pods;
			sourceTree = "<group>";
		};
		A70E90BD1CF2A862008D5924 /* network */ = {
			isa = PBXGroup;
			children = (
				A734D11B1CF42BA9008276C9 /* NetworkViewController.h */,
				A734D11C1CF42BA9008276C9 /* NetworkViewController.m */,
				A70E90BE1CF2A862008D5924 /* http */,
			);
			path = network;
			sourceTree = "<group>";
		};
		A70E90BE1CF2A862008D5924 /* http */ = {
			isa = PBXGroup;
			children = (
				A734D11E1CF42BCB008276C9 /* HttpViewController.h */,
				A734D11F1CF42BCB008276C9 /* HttpViewController.m */,
				A734D1211CF42BFC008276C9 /* HttpAsyncRequestsViewController.h */,
				A734D1221CF42BFC008276C9 /* HttpAsyncRequestsViewController.m */,
				A734D1241CF42C0D008276C9 /* HttpChainedRequestsViewController.h */,
				A734D1251CF42C0D008276C9 /* HttpChainedRequestsViewController.m */,
				A734D1271CF42C31008276C9 /* HttpComplexRequestsViewController.h */,
				A734D1281CF42C31008276C9 /* HttpComplexRequestsViewController.m */,
				A70E90C81CF2ACA9008D5924 /* CCHttpSessionManager.h */,
				A70E90C91CF2ACA9008D5924 /* CCHttpSessionManager.m */,
				A70E90C21CF2A902008D5924 /* CCHttpTaskGroup.h */,
				A70E90C31CF2A902008D5924 /* CCHttpTaskGroup.m */,
			);
			path = http;
			sourceTree = "<group>";
		};
		A7127FA21CEE8C440023E4FB /* block */ = {
			isa = PBXGroup;
			children = (
				A7127FA41CEE8C4F0023E4FB /* CaptureScalarBlock.m */,
				A7127FA61CEE8D3B0023E4FB /* CaptureScalarBlock.c */,
				A7127FA91CEE90090023E4FB /* CaptureObjectBlock.m */,
				A7127FAB1CEE90E30023E4FB /* CaptureObjectBlock.c */,
				A7127FAE1CEEA1A50023E4FB /* CaptureWeakObjectBlock.m */,
			);
			path = block;
			sourceTree = "<group>";
		};
		A7583C311CE31BFB007558CB = {
			isa = PBXGroup;
			children = (
				A7583C3C1CE31BFB007558CB /* demo */,
				A7583C561CE31BFB007558CB /* demoTests */,
				A7583C611CE31BFB007558CB /* demoUITests */,
				A7583C3B1CE31BFB007558CB /* Products */,
				02CFBA5307F9E2C98EB1869D /* Pods */,
				D49CAC3954773600EC18B68E /* Frameworks */,
			);
			sourceTree = "<group>";
		};
		A7583C3B1CE31BFB007558CB /* Products */ = {
			isa = PBXGroup;
			children = (
				A7583C3A1CE31BFB007558CB /* demo.app */,
				A7583C531CE31BFB007558CB /* demoTests.xctest */,
				A7583C5E1CE31BFB007558CB /* demoUITests.xctest */,
			);
			name = Products;
			sourceTree = "<group>";
		};
		A7583C3C1CE31BFB007558CB /* demo */ = {
			isa = PBXGroup;
			children = (
				A7F5F0781CE31F7F0064AAB7 /* base */,
				A7127FA21CEE8C440023E4FB /* block */,
				A7F5F0621CE31E420064AAB7 /* animation */,
				A785B03F1CE3295D00A7686D /* performance */,
				A785B0261CE3258C00A7686D /* quartz2D */,
				A773F67E1CE975C00098F1C8 /* imageIO */,
				A773F6941CEC50CE0098F1C8 /* coreImage */,
				A7583C751CE31C88007558CB /* urlSession */,
				A785B0751CE32EF800A7686D /* webView */,
				A7F5F0551CE31DE60064AAB7 /* audio */,
				A70E90BD1CF2A862008D5924 /* network */,
				A7583C401CE31BFB007558CB /* AppDelegate.h */,
				A7583C411CE31BFB007558CB /* AppDelegate.m */,
				A7583C461CE31BFB007558CB /* Main.storyboard */,
				A7583C491CE31BFB007558CB /* Assets.xcassets */,
				A7583C4B1CE31BFB007558CB /* LaunchScreen.storyboard */,
				A7583C4E1CE31BFB007558CB /* Info.plist */,
				A7583C3D1CE31BFB007558CB /* Supporting Files */,
			);
			path = demo;
			sourceTree = "<group>";
		};
		A7583C3D1CE31BFB007558CB /* Supporting Files */ = {
			isa = PBXGroup;
			children = (
				A7583C3E1CE31BFB007558CB /* main.m */,
			);
			name = "Supporting Files";
			sourceTree = "<group>";
		};
		A7583C561CE31BFB007558CB /* demoTests */ = {
			isa = PBXGroup;
			children = (
				A7583C571CE31BFB007558CB /* demoTests.m */,
				A7583C591CE31BFB007558CB /* Info.plist */,
			);
			path = demoTests;
			sourceTree = "<group>";
		};
		A7583C611CE31BFB007558CB /* demoUITests */ = {
			isa = PBXGroup;
			children = (
				A7583C621CE31BFB007558CB /* demoUITests.m */,
				A7583C641CE31BFB007558CB /* Info.plist */,
			);
			path = demoUITests;
			sourceTree = "<group>";
		};
		A7583C751CE31C88007558CB /* urlSession */ = {
			isa = PBXGroup;
			children = (
				A785B06C1CE32D9F00A7686D /* UrlSessionViewController.h */,
				A785B06D1CE32D9F00A7686D /* UrlSessionViewController.m */,
				A785B0641CE32D9F00A7686D /* DataTaskBasicAuthViewController.h */,
				A785B0651CE32D9F00A7686D /* DataTaskBasicAuthViewController.m */,
				A785B0661CE32D9F00A7686D /* DataTaskHttpsServerAuthViewController.h */,
				A785B0671CE32D9F00A7686D /* DataTaskHttpsServerAuthViewController.m */,
				A785B0681CE32D9F00A7686D /* server.cer */,
				A785B0691CE32D9F00A7686D /* servvv.cer */,
				A785B06A1CE32D9F00A7686D /* UIDownloadTaskViewController.h */,
				A785B06B1CE32D9F00A7686D /* UIDownloadTaskViewController.m */,
			);
			name = urlSession;
			sourceTree = "<group>";
		};
		A773F67E1CE975C00098F1C8 /* imageIO */ = {
			isa = PBXGroup;
			children = (
				A773F6871CE9D6710098F1C8 /* ImageIO.h */,
				A773F6881CE9D6710098F1C8 /* ImageIO.m */,
				A773F67F1CE975DA0098F1C8 /* ImageIOViewController.h */,
				A773F6801CE975DA0098F1C8 /* ImageIOViewController.m */,
				A773F6821CE9A3220098F1C8 /* ImageSourceViewController.h */,
				A773F6831CE9A3220098F1C8 /* ImageSourceViewController.m */,
				A773F6901CEC007D0098F1C8 /* IncrementalImageSourceViewController.h */,
				A773F6911CEC007D0098F1C8 /* IncrementalImageSourceViewController.m */,
				A773F68A1CE9D6B60098F1C8 /* ImageDestinationViewController.h */,
				A773F68B1CE9D6B60098F1C8 /* ImageDestinationViewController.m */,
			);
			path = imageIO;
			sourceTree = "<group>";
		};
		A773F6941CEC50CE0098F1C8 /* coreImage */ = {
			isa = PBXGroup;
			children = (
				A773F6951CEC50DF0098F1C8 /* CoreImageViewController.h */,
				A773F6961CEC50DF0098F1C8 /* CoreImageViewController.m */,
				A773F6981CEC51D60098F1C8 /* BuiltinFilterViewController.h */,
				A773F6991CEC51D60098F1C8 /* BuiltinFilterViewController.m */,
				A75723751CED51AC0065AA2E /* BuiltinFilterChainViewController.h */,
				A75723761CED51AC0065AA2E /* BuiltinFilterChainViewController.m */,
				A757237B1CED54560065AA2E /* FaceDetectorViewController.h */,
				A757237C1CED54560065AA2E /* FaceDetectorViewController.m */,
			);
			path = coreImage;
			sourceTree = "<group>";
		};
		A773F69B1CEC545D0098F1C8 /* other */ = {
			isa = PBXGroup;
			children = (
				A773F69C1CEC54920098F1C8 /* ImagePickerViewControllerHelper.h */,
				A773F69D1CEC54920098F1C8 /* ImagePickerViewControllerHelper.m */,
			);
			path = other;
			sourceTree = "<group>";
		};
		A785B0261CE3258C00A7686D /* quartz2D */ = {
			isa = PBXGroup;
			children = (
				A785B0331CE3258C00A7686D /* Quartz2DViewController.h */,
				A785B0341CE3258C00A7686D /* Quartz2DViewController.m */,
				A785B0291CE3258C00A7686D /* ImageMaskViewController.h */,
				A785B02A1CE3258C00A7686D /* ImageMaskViewController.m */,
				A773F6771CE810E40098F1C8 /* PathViewController.h */,
				A773F6781CE810E40098F1C8 /* PathViewController.m */,
				A773F67A1CE86BC80098F1C8 /* PatternViewController.h */,
				A773F67B1CE86BC80098F1C8 /* PatternViewController.m */,
				A785B0961CE42F3200A7686D /* ShadowGradientsViewController.h */,
				A785B0971CE42F3200A7686D /* ShadowGradientsViewController.m */,
				A785B0901CE3355F00A7686D /* CoordinateViewController.h */,
				A785B0911CE3355F00A7686D /* CoordinateViewController.m */,
			);
			path = quartz2D;
			sourceTree = "<group>";
		};
		A785B03F1CE3295D00A7686D /* performance */ = {
			isa = PBXGroup;
			children = (
				A785B0511CE3295D00A7686D /* PerformanceViewController.h */,
				A785B0521CE3295D00A7686D /* PerformanceViewController.m */,
				A785B0401CE3295D00A7686D /* TableViewPerformanceViewController.h */,
				A785B0411CE3295D00A7686D /* TableViewPerformanceViewController.m */,
				A785B0421CE3295D00A7686D /* TestBlendViewController.h */,
				A785B0431CE3295D00A7686D /* TestBlendViewController.m */,
				A785B0441CE3295D00A7686D /* TestDrawScaleViewController.h */,
				A785B0451CE3295D00A7686D /* TestDrawScaleViewController.m */,
				A785B0461CE3295D00A7686D /* TestMissalignedViewController.h */,
				A785B0471CE3295D00A7686D /* TestMissalignedViewController.m */,
				A785B0481CE3295D00A7686D /* tools */,
			);
			path = performance;
			sourceTree = "<group>";
		};
		A785B0481CE3295D00A7686D /* tools */ = {
			isa = PBXGroup;
			children = (
				A785B04B1CE3295D00A7686D /* CornerRadiusView.h */,
				A785B04C1CE3295D00A7686D /* CornerRadiusView.m */,
				A785B05F1CE32B5A00A7686D /* CornerRadiusView+WebCache.h */,
				A785B0601CE32B5A00A7686D /* CornerRadiusView+WebCache.m */,
				A785B04D1CE3295D00A7686D /* UIView+CornerRadius.h */,
				A785B04E1CE3295D00A7686D /* UIView+CornerRadius.m */,
			);
			path = tools;
			sourceTree = "<group>";
		};
		A785B0751CE32EF800A7686D /* webView */ = {
			isa = PBXGroup;
			children = (
				A785B0881CE3303F00A7686D /* WebViewController.h */,
				A785B0891CE3303F00A7686D /* WebViewController.m */,
				A785B0781CE32EF800A7686D /* UIWebViewViewController.h */,
				A785B0791CE32EF800A7686D /* UIWebViewViewController.m */,
				A785B0801CE32EF800A7686D /* WKWebViewViewController.h */,
				A785B0811CE32EF800A7686D /* WKWebViewViewController.m */,
				A785B07A1CE32EF800A7686D /* URLSessionCacheViewController.h */,
				A785B07B1CE32EF800A7686D /* URLSessionCacheViewController.m */,
				A785B0761CE32EF800A7686D /* UIWebViewCacheViewController.h */,
				A785B0771CE32EF800A7686D /* UIWebViewCacheViewController.m */,
			);
			path = webView;
			sourceTree = "<group>";
		};
		A7F5F0551CE31DE60064AAB7 /* audio */ = {
			isa = PBXGroup;
			children = (
				A7F5F05C1CE31DE60064AAB7 /* AudioViewController.h */,
				A7F5F05D1CE31DE60064AAB7 /* AudioViewController.m */,
				A7F5F0561CE31DE60064AAB7 /* AudioPlaybackViewController.h */,
				A7F5F0571CE31DE60064AAB7 /* AudioPlaybackViewController.m */,
				A7F5F0581CE31DE60064AAB7 /* AudioRecordViewController.h */,
				A7F5F0591CE31DE60064AAB7 /* AudioRecordViewController.m */,
			);
			path = audio;
			sourceTree = "<group>";
		};
		A7F5F0621CE31E420064AAB7 /* animation */ = {
			isa = PBXGroup;
			children = (
				A7F5F06F1CE31E420064AAB7 /* AnimationViewController.h */,
				A7F5F0701CE31E420064AAB7 /* AnimationViewController.m */,
				A7F5F0631CE31E420064AAB7 /* CAActionTestViewController.h */,
				A7F5F0641CE31E420064AAB7 /* CAActionTestViewController.m */,
				A7F5F0651CE31E420064AAB7 /* CABasicAnimationTestViewController.h */,
				A7F5F0661CE31E420064AAB7 /* CABasicAnimationTestViewController.m */,
				A7F5F0671CE31E420064AAB7 /* CAKeyframeViewController.h */,
				A7F5F0681CE31E420064AAB7 /* CAKeyframeViewController.m */,
				A7F5F0691CE31E420064AAB7 /* CAShapeLayerTestViewController.h */,
				A7F5F06A1CE31E420064AAB7 /* CAShapeLayerTestViewController.m */,
				A7F5F06B1CE31E420064AAB7 /* ImplicityAnimationViewController.h */,
				A7F5F06C1CE31E420064AAB7 /* ImplicityAnimationViewController.m */,
			);
			path = animation;
			sourceTree = "<group>";
		};
		A7F5F0781CE31F7F0064AAB7 /* base */ = {
			isa = PBXGroup;
			children = (
				A7F5F0791CE31F7F0064AAB7 /* category */,
				A7F5F07A1CE31F7F0064AAB7 /* subclass */,
				A773F69B1CEC545D0098F1C8 /* other */,
			);
			path = base;
			sourceTree = "<group>";
		};
		A7F5F0791CE31F7F0064AAB7 /* category */ = {
			isa = PBXGroup;
			children = (
				A785B08D1CE3344D00A7686D /* UIView+CCKit.h */,
				A785B08E1CE3344D00A7686D /* UIView+CCKit.m */,
				A785B05C1CE3298A00A7686D /* UIImage+CCKit.h */,
				A785B05D1CE3298A00A7686D /* UIImage+CCKit.m */,
				A785B0931CE41A2500A7686D /* UIColor+CCKit.h */,
				A785B0941CE41A2500A7686D /* UIColor+CCKit.m */,
				A785B0201CE3218700A7686D /* NSString+File.h */,
				A785B0211CE3218700A7686D /* NSString+File.m */,
				A785B03C1CE326F700A7686D /* UIImage+ImageMask.h */,
				A785B03D1CE326F700A7686D /* UIImage+ImageMask.m */,
			);
			path = category;
			sourceTree = "<group>";
		};
		A7F5F07A1CE31F7F0064AAB7 /* subclass */ = {
			isa = PBXGroup;
			children = (
				A785B0991CE42FB900A7686D /* UILinearGradientView.h */,
				A785B09A1CE42FB900A7686D /* UILinearGradientView.m */,
				A7F5F07B1CE31F7F0064AAB7 /* BaseViewController.h */,
				A7F5F07C1CE31F7F0064AAB7 /* BaseViewController.m */,
				A785B0231CE321B000A7686D /* HomeTableViewController.h */,
				A785B0241CE321B000A7686D /* HomeTableViewController.m */,
			);
			path = subclass;
			sourceTree = "<group>";
		};
		D49CAC3954773600EC18B68E /* Frameworks */ = {
			isa = PBXGroup;
			children = (
				A785B08B1CE3316400A7686D /* WebKit.framework */,
				07CF52941D03A8813262E9A7 /* libPods.a */,
			);
			name = Frameworks;
			sourceTree = "<group>";
		};
/* End PBXGroup section */

/* Begin PBXNativeTarget section */
		A7583C391CE31BFB007558CB /* demo */ = {
			isa = PBXNativeTarget;
			buildConfigurationList = A7583C671CE31BFB007558CB /* Build configuration list for PBXNativeTarget "demo" */;
			buildPhases = (
				3D5D15896444A6D9EC2D3082 /* Check Pods Manifest.lock */,
				A7583C361CE31BFB007558CB /* Sources */,
				A7583C371CE31BFB007558CB /* Frameworks */,
				A7583C381CE31BFB007558CB /* Resources */,
				91442481FE7471F6A0EFF5F4 /* Embed Pods Frameworks */,
				32ABD1A16B0C78702F163322 /* Copy Pods Resources */,
			);
			buildRules = (
			);
			dependencies = (
			);
			name = demo;
			productName = demo;
			productReference = A7583C3A1CE31BFB007558CB /* demo.app */;
			productType = "com.apple.product-type.application";
		};
		A7583C521CE31BFB007558CB /* demoTests */ = {
			isa = PBXNativeTarget;
			buildConfigurationList = A7583C6A1CE31BFB007558CB /* Build configuration list for PBXNativeTarget "demoTests" */;
			buildPhases = (
				A7583C4F1CE31BFB007558CB /* Sources */,
				A7583C501CE31BFB007558CB /* Frameworks */,
				A7583C511CE31BFB007558CB /* Resources */,
			);
			buildRules = (
			);
			dependencies = (
				A7583C551CE31BFB007558CB /* PBXTargetDependency */,
			);
			name = demoTests;
			productName = demoTests;
			productReference = A7583C531CE31BFB007558CB /* demoTests.xctest */;
			productType = "com.apple.product-type.bundle.unit-test";
		};
		A7583C5D1CE31BFB007558CB /* demoUITests */ = {
			isa = PBXNativeTarget;
			buildConfigurationList = A7583C6D1CE31BFB007558CB /* Build configuration list for PBXNativeTarget "demoUITests" */;
			buildPhases = (
				A7583C5A1CE31BFB007558CB /* Sources */,
				A7583C5B1CE31BFB007558CB /* Frameworks */,
				A7583C5C1CE31BFB007558CB /* Resources */,
			);
			buildRules = (
			);
			dependencies = (
				A7583C601CE31BFB007558CB /* PBXTargetDependency */,
			);
			name = demoUITests;
			productName = demoUITests;
			productReference = A7583C5E1CE31BFB007558CB /* demoUITests.xctest */;
			productType = "com.apple.product-type.bundle.ui-testing";
		};
/* End PBXNativeTarget section */

/* Begin PBXProject section */
		A7583C321CE31BFB007558CB /* Project object */ = {
			isa = PBXProject;
			attributes = {
				LastUpgradeCheck = 0730;
				ORGANIZATIONNAME = KudoCC;
				TargetAttributes = {
					A7583C391CE31BFB007558CB = {
						CreatedOnToolsVersion = 7.3;
					};
					A7583C521CE31BFB007558CB = {
						CreatedOnToolsVersion = 7.3;
						TestTargetID = A7583C391CE31BFB007558CB;
					};
					A7583C5D1CE31BFB007558CB = {
						CreatedOnToolsVersion = 7.3;
						TestTargetID = A7583C391CE31BFB007558CB;
					};
				};
			};
			buildConfigurationList = A7583C351CE31BFB007558CB /* Build configuration list for PBXProject "demo" */;
			compatibilityVersion = "Xcode 3.2";
			developmentRegion = English;
			hasScannedForEncodings = 0;
			knownRegions = (
				en,
				Base,
			);
			mainGroup = A7583C311CE31BFB007558CB;
			productRefGroup = A7583C3B1CE31BFB007558CB /* Products */;
			projectDirPath = "";
			projectRoot = "";
			targets = (
				A7583C391CE31BFB007558CB /* demo */,
				A7583C521CE31BFB007558CB /* demoTests */,
				A7583C5D1CE31BFB007558CB /* demoUITests */,
			);
		};
/* End PBXProject section */

/* Begin PBXResourcesBuildPhase section */
		A7583C381CE31BFB007558CB /* Resources */ = {
			isa = PBXResourcesBuildPhase;
			buildActionMask = 2147483647;
			files = (
				A7583C4D1CE31BFB007558CB /* LaunchScreen.storyboard in Resources */,
				A785B0711CE32D9F00A7686D /* server.cer in Resources */,
				A7583C4A1CE31BFB007558CB /* Assets.xcassets in Resources */,
				A785B0721CE32D9F00A7686D /* servvv.cer in Resources */,
				A7583C481CE31BFB007558CB /* Main.storyboard in Resources */,
			);
			runOnlyForDeploymentPostprocessing = 0;
		};
		A7583C511CE31BFB007558CB /* Resources */ = {
			isa = PBXResourcesBuildPhase;
			buildActionMask = 2147483647;
			files = (
			);
			runOnlyForDeploymentPostprocessing = 0;
		};
		A7583C5C1CE31BFB007558CB /* Resources */ = {
			isa = PBXResourcesBuildPhase;
			buildActionMask = 2147483647;
			files = (
			);
			runOnlyForDeploymentPostprocessing = 0;
		};
/* End PBXResourcesBuildPhase section */

/* Begin PBXShellScriptBuildPhase section */
		32ABD1A16B0C78702F163322 /* Copy Pods Resources */ = {
			isa = PBXShellScriptBuildPhase;
			buildActionMask = 2147483647;
			files = (
			);
			inputPaths = (
			);
			name = "Copy Pods Resources";
			outputPaths = (
			);
			runOnlyForDeploymentPostprocessing = 0;
			shellPath = /bin/sh;
			shellScript = "\"${SRCROOT}/Pods/Target Support Files/Pods/Pods-resources.sh\"\n";
			showEnvVarsInLog = 0;
		};
		3D5D15896444A6D9EC2D3082 /* Check Pods Manifest.lock */ = {
			isa = PBXShellScriptBuildPhase;
			buildActionMask = 2147483647;
			files = (
			);
			inputPaths = (
			);
			name = "Check Pods Manifest.lock";
			outputPaths = (
			);
			runOnlyForDeploymentPostprocessing = 0;
			shellPath = /bin/sh;
			shellScript = "diff \"${PODS_ROOT}/../Podfile.lock\" \"${PODS_ROOT}/Manifest.lock\" > /dev/null\nif [[ $? != 0 ]] ; then\n    cat << EOM\nerror: The sandbox is not in sync with the Podfile.lock. Run 'pod install' or update your CocoaPods installation.\nEOM\n    exit 1\nfi\n";
			showEnvVarsInLog = 0;
		};
		91442481FE7471F6A0EFF5F4 /* Embed Pods Frameworks */ = {
			isa = PBXShellScriptBuildPhase;
			buildActionMask = 2147483647;
			files = (
			);
			inputPaths = (
			);
			name = "Embed Pods Frameworks";
			outputPaths = (
			);
			runOnlyForDeploymentPostprocessing = 0;
			shellPath = /bin/sh;
			shellScript = "\"${SRCROOT}/Pods/Target Support Files/Pods/Pods-frameworks.sh\"\n";
			showEnvVarsInLog = 0;
		};
/* End PBXShellScriptBuildPhase section */

/* Begin PBXSourcesBuildPhase section */
		A7583C361CE31BFB007558CB /* Sources */ = {
			isa = PBXSourcesBuildPhase;
			buildActionMask = 2147483647;
			files = (
				A757237D1CED54560065AA2E /* FaceDetectorViewController.m in Sources */,
				A785B0951CE41A2500A7686D /* UIColor+CCKit.m in Sources */,
				A785B0741CE32D9F00A7686D /* UrlSessionViewController.m in Sources */,
				A785B05B1CE3295D00A7686D /* PerformanceViewController.m in Sources */,
				A773F67C1CE86BC80098F1C8 /* PatternViewController.m in Sources */,
				A75723771CED51AC0065AA2E /* BuiltinFilterChainViewController.m in Sources */,
				A734D1201CF42BCB008276C9 /* HttpViewController.m in Sources */,
				A773F6971CEC50DF0098F1C8 /* CoreImageViewController.m in Sources */,
				A785B09B1CE42FB900A7686D /* UILinearGradientView.m in Sources */,
				A785B03B1CE3258C00A7686D /* Quartz2DViewController.m in Sources */,
				A785B0841CE32EF800A7686D /* URLSessionCacheViewController.m in Sources */,
				A785B03E1CE326F700A7686D /* UIImage+ImageMask.m in Sources */,
				A785B0541CE3295D00A7686D /* TestBlendViewController.m in Sources */,
				A7F5F0771CE31E420064AAB7 /* AnimationViewController.m in Sources */,
				A785B0361CE3258C00A7686D /* ImageMaskViewController.m in Sources */,
				A785B0591CE3295D00A7686D /* UIView+CornerRadius.m in Sources */,
				A785B08A1CE3303F00A7686D /* WebViewController.m in Sources */,
				A773F6891CE9D6710098F1C8 /* ImageIO.m in Sources */,
				A785B0251CE321B000A7686D /* HomeTableViewController.m in Sources */,
				A7F5F0711CE31E420064AAB7 /* CAActionTestViewController.m in Sources */,
				A785B0731CE32D9F00A7686D /* UIDownloadTaskViewController.m in Sources */,
				A773F6811CE975DA0098F1C8 /* ImageIOViewController.m in Sources */,
				A785B0701CE32D9F00A7686D /* DataTaskHttpsServerAuthViewController.m in Sources */,
				A773F68C1CE9D6B60098F1C8 /* ImageDestinationViewController.m in Sources */,
				A7F5F0721CE31E420064AAB7 /* CABasicAnimationTestViewController.m in Sources */,
				A785B0561CE3295D00A7686D /* TestMissalignedViewController.m in Sources */,
				A785B0551CE3295D00A7686D /* TestDrawScaleViewController.m in Sources */,
				A773F6791CE810E40098F1C8 /* PathViewController.m in Sources */,
				A773F6921CEC007D0098F1C8 /* IncrementalImageSourceViewController.m in Sources */,
				A785B0821CE32EF800A7686D /* UIWebViewCacheViewController.m in Sources */,
				A785B0221CE3218700A7686D /* NSString+File.m in Sources */,
				A773F69A1CEC51D60098F1C8 /* BuiltinFilterViewController.m in Sources */,
				A7F5F0731CE31E420064AAB7 /* CAKeyframeViewController.m in Sources */,
				A785B0921CE3355F00A7686D /* CoordinateViewController.m in Sources */,
				A785B0831CE32EF800A7686D /* UIWebViewViewController.m in Sources */,
				A734D11D1CF42BA9008276C9 /* NetworkViewController.m in Sources */,
				A7F5F0611CE31DE60064AAB7 /* AudioViewController.m in Sources */,
				A7F5F05F1CE31DE60064AAB7 /* AudioRecordViewController.m in Sources */,
				A734D11A1CF428D2008276C9 /* CCHttpSessionManager.m in Sources */,
				A773F6841CE9A3220098F1C8 /* ImageSourceViewController.m in Sources */,
				A7F5F05E1CE31DE60064AAB7 /* AudioPlaybackViewController.m in Sources */,
				A785B08F1CE3344D00A7686D /* UIView+CCKit.m in Sources */,
				A785B0611CE32B5A00A7686D /* CornerRadiusView+WebCache.m in Sources */,
				A785B0531CE3295D00A7686D /* TableViewPerformanceViewController.m in Sources */,
				A7BCE5A01CF303A800A7C356 /* CCHttpTaskGroup.m in Sources */,
				A7F5F0751CE31E420064AAB7 /* ImplicityAnimationViewController.m in Sources */,
				A7583C421CE31BFB007558CB /* AppDelegate.m in Sources */,
				A7F5F07D1CE31F7F0064AAB7 /* BaseViewController.m in Sources */,
				A734D1291CF42C31008276C9 /* HttpComplexRequestsViewController.m in Sources */,
				A785B0581CE3295D00A7686D /* CornerRadiusView.m in Sources */,
				A7F5F0741CE31E420064AAB7 /* CAShapeLayerTestViewController.m in Sources */,
				A7583C3F1CE31BFB007558CB /* main.m in Sources */,
				A734D1261CF42C0D008276C9 /* HttpChainedRequestsViewController.m in Sources */,
				A773F69E1CEC54920098F1C8 /* ImagePickerViewControllerHelper.m in Sources */,
				A785B05E1CE3298A00A7686D /* UIImage+CCKit.m in Sources */,
				A734D1231CF42BFC008276C9 /* HttpAsyncRequestsViewController.m in Sources */,
				A785B0871CE32EF800A7686D /* WKWebViewViewController.m in Sources */,
				A785B06F1CE32D9F00A7686D /* DataTaskBasicAuthViewController.m in Sources */,
				A785B0981CE42F3200A7686D /* ShadowGradientsViewController.m in Sources */,
			);
			runOnlyForDeploymentPostprocessing = 0;
		};
		A7583C4F1CE31BFB007558CB /* Sources */ = {
			isa = PBXSourcesBuildPhase;
			buildActionMask = 2147483647;
			files = (
				A7583C581CE31BFB007558CB /* demoTests.m in Sources */,
			);
			runOnlyForDeploymentPostprocessing = 0;
		};
		A7583C5A1CE31BFB007558CB /* Sources */ = {
			isa = PBXSourcesBuildPhase;
			buildActionMask = 2147483647;
			files = (
				A7583C631CE31BFB007558CB /* demoUITests.m in Sources */,
			);
			runOnlyForDeploymentPostprocessing = 0;
		};
/* End PBXSourcesBuildPhase section */

/* Begin PBXTargetDependency section */
		A7583C551CE31BFB007558CB /* PBXTargetDependency */ = {
			isa = PBXTargetDependency;
			target = A7583C391CE31BFB007558CB /* demo */;
			targetProxy = A7583C541CE31BFB007558CB /* PBXContainerItemProxy */;
		};
		A7583C601CE31BFB007558CB /* PBXTargetDependency */ = {
			isa = PBXTargetDependency;
			target = A7583C391CE31BFB007558CB /* demo */;
			targetProxy = A7583C5F1CE31BFB007558CB /* PBXContainerItemProxy */;
		};
/* End PBXTargetDependency section */

/* Begin PBXVariantGroup section */
		A7583C461CE31BFB007558CB /* Main.storyboard */ = {
			isa = PBXVariantGroup;
			children = (
				A7583C471CE31BFB007558CB /* Base */,
			);
			name = Main.storyboard;
			sourceTree = "<group>";
		};
		A7583C4B1CE31BFB007558CB /* LaunchScreen.storyboard */ = {
			isa = PBXVariantGroup;
			children = (
				A7583C4C1CE31BFB007558CB /* Base */,
			);
			name = LaunchScreen.storyboard;
			sourceTree = "<group>";
		};
/* End PBXVariantGroup section */

/* Begin XCBuildConfiguration section */
		A7583C651CE31BFB007558CB /* Debug */ = {
			isa = XCBuildConfiguration;
			buildSettings = {
				ALWAYS_SEARCH_USER_PATHS = NO;
				CLANG_ANALYZER_NONNULL = YES;
				CLANG_CXX_LANGUAGE_STANDARD = "gnu++0x";
				CLANG_CXX_LIBRARY = "libc++";
				CLANG_ENABLE_MODULES = YES;
				CLANG_ENABLE_OBJC_ARC = YES;
				CLANG_WARN_BOOL_CONVERSION = YES;
				CLANG_WARN_CONSTANT_CONVERSION = YES;
				CLANG_WARN_DIRECT_OBJC_ISA_USAGE = YES_ERROR;
				CLANG_WARN_EMPTY_BODY = YES;
				CLANG_WARN_ENUM_CONVERSION = YES;
				CLANG_WARN_INT_CONVERSION = YES;
				CLANG_WARN_OBJC_ROOT_CLASS = YES_ERROR;
				CLANG_WARN_UNREACHABLE_CODE = YES;
				CLANG_WARN__DUPLICATE_METHOD_MATCH = YES;
				"CODE_SIGN_IDENTITY[sdk=iphoneos*]" = "iPhone Developer";
				COPY_PHASE_STRIP = NO;
				DEBUG_INFORMATION_FORMAT = dwarf;
				ENABLE_STRICT_OBJC_MSGSEND = YES;
				ENABLE_TESTABILITY = YES;
				GCC_C_LANGUAGE_STANDARD = gnu99;
				GCC_DYNAMIC_NO_PIC = NO;
				GCC_NO_COMMON_BLOCKS = YES;
				GCC_OPTIMIZATION_LEVEL = 0;
				GCC_PREPROCESSOR_DEFINITIONS = (
					"DEBUG=1",
					"$(inherited)",
				);
				GCC_WARN_64_TO_32_BIT_CONVERSION = YES;
				GCC_WARN_ABOUT_RETURN_TYPE = YES_ERROR;
				GCC_WARN_UNDECLARED_SELECTOR = YES;
				GCC_WARN_UNINITIALIZED_AUTOS = YES_AGGRESSIVE;
				GCC_WARN_UNUSED_FUNCTION = YES;
				GCC_WARN_UNUSED_VARIABLE = YES;
				IPHONEOS_DEPLOYMENT_TARGET = 9.3;
				MTL_ENABLE_DEBUG_INFO = YES;
				ONLY_ACTIVE_ARCH = YES;
				SDKROOT = iphoneos;
			};
			name = Debug;
		};
		A7583C661CE31BFB007558CB /* Release */ = {
			isa = XCBuildConfiguration;
			buildSettings = {
				ALWAYS_SEARCH_USER_PATHS = NO;
				CLANG_ANALYZER_NONNULL = YES;
				CLANG_CXX_LANGUAGE_STANDARD = "gnu++0x";
				CLANG_CXX_LIBRARY = "libc++";
				CLANG_ENABLE_MODULES = YES;
				CLANG_ENABLE_OBJC_ARC = YES;
				CLANG_WARN_BOOL_CONVERSION = YES;
				CLANG_WARN_CONSTANT_CONVERSION = YES;
				CLANG_WARN_DIRECT_OBJC_ISA_USAGE = YES_ERROR;
				CLANG_WARN_EMPTY_BODY = YES;
				CLANG_WARN_ENUM_CONVERSION = YES;
				CLANG_WARN_INT_CONVERSION = YES;
				CLANG_WARN_OBJC_ROOT_CLASS = YES_ERROR;
				CLANG_WARN_UNREACHABLE_CODE = YES;
				CLANG_WARN__DUPLICATE_METHOD_MATCH = YES;
				"CODE_SIGN_IDENTITY[sdk=iphoneos*]" = "iPhone Developer";
				COPY_PHASE_STRIP = NO;
				DEBUG_INFORMATION_FORMAT = "dwarf-with-dsym";
				ENABLE_NS_ASSERTIONS = NO;
				ENABLE_STRICT_OBJC_MSGSEND = YES;
				GCC_C_LANGUAGE_STANDARD = gnu99;
				GCC_NO_COMMON_BLOCKS = YES;
				GCC_WARN_64_TO_32_BIT_CONVERSION = YES;
				GCC_WARN_ABOUT_RETURN_TYPE = YES_ERROR;
				GCC_WARN_UNDECLARED_SELECTOR = YES;
				GCC_WARN_UNINITIALIZED_AUTOS = YES_AGGRESSIVE;
				GCC_WARN_UNUSED_FUNCTION = YES;
				GCC_WARN_UNUSED_VARIABLE = YES;
				IPHONEOS_DEPLOYMENT_TARGET = 9.3;
				MTL_ENABLE_DEBUG_INFO = NO;
				SDKROOT = iphoneos;
				VALIDATE_PRODUCT = YES;
			};
			name = Release;
		};
		A7583C681CE31BFB007558CB /* Debug */ = {
			isa = XCBuildConfiguration;
			baseConfigurationReference = EE3C926B60615226292E07E4 /* Pods.debug.xcconfig */;
			buildSettings = {
				ASSETCATALOG_COMPILER_APPICON_NAME = AppIcon;
				INFOPLIST_FILE = demo/Info.plist;
				IPHONEOS_DEPLOYMENT_TARGET = 8.0;
				LD_RUNPATH_SEARCH_PATHS = "$(inherited) @executable_path/Frameworks";
				PRODUCT_BUNDLE_IDENTIFIER = com.kudocc.demo;
				PRODUCT_NAME = "$(TARGET_NAME)";
			};
			name = Debug;
		};
		A7583C691CE31BFB007558CB /* Release */ = {
			isa = XCBuildConfiguration;
			baseConfigurationReference = ECBD2C306C1233F71F3C7BBC /* Pods.release.xcconfig */;
			buildSettings = {
				ASSETCATALOG_COMPILER_APPICON_NAME = AppIcon;
				INFOPLIST_FILE = demo/Info.plist;
				IPHONEOS_DEPLOYMENT_TARGET = 8.0;
				LD_RUNPATH_SEARCH_PATHS = "$(inherited) @executable_path/Frameworks";
				PRODUCT_BUNDLE_IDENTIFIER = com.kudocc.demo;
				PRODUCT_NAME = "$(TARGET_NAME)";
			};
			name = Release;
		};
		A7583C6B1CE31BFB007558CB /* Debug */ = {
			isa = XCBuildConfiguration;
			buildSettings = {
				BUNDLE_LOADER = "$(TEST_HOST)";
				INFOPLIST_FILE = demoTests/Info.plist;
				LD_RUNPATH_SEARCH_PATHS = "$(inherited) @executable_path/Frameworks @loader_path/Frameworks";
				PRODUCT_BUNDLE_IDENTIFIER = com.kudocc.demoTests;
				PRODUCT_NAME = "$(TARGET_NAME)";
				TEST_HOST = "$(BUILT_PRODUCTS_DIR)/demo.app/demo";
			};
			name = Debug;
		};
		A7583C6C1CE31BFB007558CB /* Release */ = {
			isa = XCBuildConfiguration;
			buildSettings = {
				BUNDLE_LOADER = "$(TEST_HOST)";
				INFOPLIST_FILE = demoTests/Info.plist;
				LD_RUNPATH_SEARCH_PATHS = "$(inherited) @executable_path/Frameworks @loader_path/Frameworks";
				PRODUCT_BUNDLE_IDENTIFIER = com.kudocc.demoTests;
				PRODUCT_NAME = "$(TARGET_NAME)";
				TEST_HOST = "$(BUILT_PRODUCTS_DIR)/demo.app/demo";
			};
			name = Release;
		};
		A7583C6E1CE31BFB007558CB /* Debug */ = {
			isa = XCBuildConfiguration;
			buildSettings = {
				INFOPLIST_FILE = demoUITests/Info.plist;
				LD_RUNPATH_SEARCH_PATHS = "$(inherited) @executable_path/Frameworks @loader_path/Frameworks";
				PRODUCT_BUNDLE_IDENTIFIER = com.kudocc.demoUITests;
				PRODUCT_NAME = "$(TARGET_NAME)";
				TEST_TARGET_NAME = demo;
			};
			name = Debug;
		};
		A7583C6F1CE31BFB007558CB /* Release */ = {
			isa = XCBuildConfiguration;
			buildSettings = {
				INFOPLIST_FILE = demoUITests/Info.plist;
				LD_RUNPATH_SEARCH_PATHS = "$(inherited) @executable_path/Frameworks @loader_path/Frameworks";
				PRODUCT_BUNDLE_IDENTIFIER = com.kudocc.demoUITests;
				PRODUCT_NAME = "$(TARGET_NAME)";
				TEST_TARGET_NAME = demo;
			};
			name = Release;
		};
/* End XCBuildConfiguration section */

/* Begin XCConfigurationList section */
		A7583C351CE31BFB007558CB /* Build configuration list for PBXProject "demo" */ = {
			isa = XCConfigurationList;
			buildConfigurations = (
				A7583C651CE31BFB007558CB /* Debug */,
				A7583C661CE31BFB007558CB /* Release */,
			);
			defaultConfigurationIsVisible = 0;
			defaultConfigurationName = Release;
		};
		A7583C671CE31BFB007558CB /* Build configuration list for PBXNativeTarget "demo" */ = {
			isa = XCConfigurationList;
			buildConfigurations = (
				A7583C681CE31BFB007558CB /* Debug */,
				A7583C691CE31BFB007558CB /* Release */,
			);
			defaultConfigurationIsVisible = 0;
			defaultConfigurationName = Release;
		};
		A7583C6A1CE31BFB007558CB /* Build configuration list for PBXNativeTarget "demoTests" */ = {
			isa = XCConfigurationList;
			buildConfigurations = (
				A7583C6B1CE31BFB007558CB /* Debug */,
				A7583C6C1CE31BFB007558CB /* Release */,
			);
			defaultConfigurationIsVisible = 0;
			defaultConfigurationName = Release;
		};
		A7583C6D1CE31BFB007558CB /* Build configuration list for PBXNativeTarget "demoUITests" */ = {
			isa = XCConfigurationList;
			buildConfigurations = (
				A7583C6E1CE31BFB007558CB /* Debug */,
				A7583C6F1CE31BFB007558CB /* Release */,
			);
			defaultConfigurationIsVisible = 0;
			defaultConfigurationName = Release;
		};
/* End XCConfigurationList section */
	};
	rootObject = A7583C321CE31BFB007558CB /* Project object */;
}
